
Microsoft Visual Studio Solution File, Format Version 12.00
# Visual Studio Version 17
VisualStudioVersion = 17.2.32616.157
MinimumVisualStudioVersion = 10.0.40219.1
Project("{FAE04EC0-301F-11D3-BF4B-00C04F79EFBC}") = "user", "user\user.csproj", "{4357C8E1-7203-46F1-A6F6-CC7FFDB21D22}"
EndProject
Global
	GlobalSection(SolutionConfigurationPlatforms) = preSolution
		Debug|Any CPU = Debug|Any CPU
		Release|Any CPU = Release|Any CPU
	EndGlobalSection
	GlobalSection(ProjectConfigurationPlatforms) = postSolution
		{4357C8E1-7203-46F1-A6F6-CC7FFDB21D22}.Debug|Any CPU.ActiveCfg = Debug|Any CPU
		{4357C8E1-7203-46F1-A6F6-CC7FFDB21D22}.Debug|Any CPU.Build.0 = Debug|Any CPU
		{4357C8E1-7203-46F1-A6F6-CC7FFDB21D22}.Release|Any CPU.ActiveCfg = Release|Any CPU
		{4357C8E1-7203-46F1-A6F6-CC7FFDB21D22}.Release|Any CPU.Build.0 = Release|Any CPU
	EndGlobalSection
	GlobalSection(SolutionProperties) = preSolution
		HideSolutionNode = FALSE
	EndGlobalSection
	GlobalSection(ExtensibilityGlobals) = postSolution
		SolutionGuid = {F131340F-6A63-44C6-991A-D86B0CECF81A}
	EndGlobalSection
EndGlobal
